{
  "name": "Reform_CRM",
  "lockfileVersion": 3,
  "requires": true,
  "packages": {
    "": {
      "dependencies": {
        "timepicker-ui": "^2.6.1"
      }
    },
    "node_modules/timepicker-ui": {
      "version": "2.6.1",
      "resolved": "https://registry.npmjs.org/timepicker-ui/-/timepicker-ui-2.6.1.tgz",
      "integrity": "sha512-T199nYp0uyNpKTn37+1DGfgROfsdZYKg3rE6mRmQU095nKDRL0ZSz87/XoT64s6Lic2q1MwGv93jQGFFo8uLlA=="
    }
  }
}
